
Microsoft Visual Studio Solution File, Format Version 12.00
# Visual Studio Version 16
VisualStudioVersion = 16.0.31402.337
MinimumVisualStudioVersion = 10.0.40219.1
Project("{FAE04EC0-301F-11D3-BF4B-00C04F79EFBC}") = "Musteri", "Musteri\Musteri.csproj", "{4D41B2F5-E8D2-42C6-81E1-879497BC1286}"
EndProject
Global
	GlobalSection(SolutionConfigurationPlatforms) = preSolution
		Debug|Any CPU = Debug|Any CPU
		Release|Any CPU = Release|Any CPU
	EndGlobalSection
	GlobalSection(ProjectConfigurationPlatforms) = postSolution
		{4D41B2F5-E8D2-42C6-81E1-879497BC1286}.Debug|Any CPU.ActiveCfg = Debug|Any CPU
		{4D41B2F5-E8D2-42C6-81E1-879497BC1286}.Debug|Any CPU.Build.0 = Debug|Any CPU
		{4D41B2F5-E8D2-42C6-81E1-879497BC1286}.Release|Any CPU.ActiveCfg = Release|Any CPU
		{4D41B2F5-E8D2-42C6-81E1-879497BC1286}.Release|Any CPU.Build.0 = Release|Any CPU
	EndGlobalSection
	GlobalSection(SolutionProperties) = preSolution
		HideSolutionNode = FALSE
	EndGlobalSection
	GlobalSection(ExtensibilityGlobals) = postSolution
		SolutionGuid = {33EB9520-CCEB-4646-8970-279902888F6A}
	EndGlobalSection
EndGlobal
